
Microsoft Visual Studio Solution File, Format Version 11.00
# Visual Studio 2010
Project("{FAE04EC0-301F-11D3-BF4B-00C04F79EFBC}") = "Showcase", "Showcase\Showcase.csproj", "{6C9DFC05-B55F-4E9C-AC53-0AC7C4F215EB}"
EndProject
Project("{FAE04EC0-301F-11D3-BF4B-00C04F79EFBC}") = "Web", "Web\Web.csproj", "{75BEA04A-5E80-42E9-A097-2DFE9D604301}"
EndProject
Global
	GlobalSection(SolutionConfigurationPlatforms) = preSolution
		Debug|Any CPU = Debug|Any CPU
		Release|Any CPU = Release|Any CPU
	EndGlobalSection
	GlobalSection(ProjectConfigurationPlatforms) = postSolution
		{6C9DFC05-B55F-4E9C-AC53-0AC7C4F215EB}.Debug|Any CPU.ActiveCfg = Debug|Any CPU
		{6C9DFC05-B55F-4E9C-AC53-0AC7C4F215EB}.Debug|Any CPU.Build.0 = Debug|Any CPU
		{6C9DFC05-B55F-4E9C-AC53-0AC7C4F215EB}.Release|Any CPU.ActiveCfg = Release|Any CPU
		{6C9DFC05-B55F-4E9C-AC53-0AC7C4F215EB}.Release|Any CPU.Build.0 = Release|Any CPU
		{75BEA04A-5E80-42E9-A097-2DFE9D604301}.Debug|Any CPU.ActiveCfg = Debug|Any CPU
		{75BEA04A-5E80-42E9-A097-2DFE9D604301}.Debug|Any CPU.Build.0 = Debug|Any CPU
		{75BEA04A-5E80-42E9-A097-2DFE9D604301}.Release|Any CPU.ActiveCfg = Release|Any CPU
		{75BEA04A-5E80-42E9-A097-2DFE9D604301}.Release|Any CPU.Build.0 = Release|Any CPU
	EndGlobalSection
	GlobalSection(SolutionProperties) = preSolution
		HideSolutionNode = FALSE
	EndGlobalSection
EndGlobal
